// !$*UTF8*$!
{
	archiveVersion = 1;
	classes = {
	};
	objectVersion = 46;
	objects = {

/* Begin PBXBuildFile section */
		40A9DF5F755200D9C987ADB9 /* Pods_AlamofireTableView.framework in Frameworks */ = {isa = PBXBuildFile; fileRef = 7DBD9DE7D5600443699E0C35 /* Pods_AlamofireTableView.framework */; };
		F03CD4191E97E72700D654BD /* CustomTableViewCell.swift in Sources */ = {isa = PBXBuildFile; fileRef = F03CD4181E97E72700D654BD /* CustomTableViewCell.swift */; };
		F0BFB5E81E97DA43005B6563 /* AppDelegate.swift in Sources */ = {isa = PBXBuildFile; fileRef = F0BFB5E71E97DA43005B6563 /* AppDelegate.swift */; };
		F0BFB5EA1E97DA43005B6563 /* ViewController.swift in Sources */ = {isa = PBXBuildFile; fileRef = F0BFB5E91E97DA43005B6563 /* ViewController.swift */; };
		F0BFB5ED1E97DA43005B6563 /* Main.storyboard in Resources */ = {isa = PBXBuildFile; fileRef = F0BFB5EB1E97DA43005B6563 /* Main.storyboard */; };
		F0BFB5EF1E97DA43005B6563 /* Assets.xcassets in Resources */ = {isa = PBXBuildFile; fileRef = F0BFB5EE1E97DA43005B6563 /* Assets.xcassets */; };
		F0BFB5F21E97DA43005B6563 /* LaunchScreen.storyboard in Resources */ = {isa = PBXBuildFile; fileRef = F0BFB5F01E97DA43005B6563 /* LaunchScreen.storyboard */; };
/* End PBXBuildFile section */

/* Begin PBXFileReference section */
		42FFBB09C3B89D148688D177 /* Pods-AlamofireTableView.release.xcconfig */ = {isa = PBXFileReference; includeInIndex = 1; lastKnownFileType = text.xcconfig; name = "Pods-AlamofireTableView.release.xcconfig"; path = "Pods/Target Support Files/Pods-AlamofireTableView/Pods-AlamofireTableView.release.xcconfig"; sourceTree = "<group>"; };
		7DBD9DE7D5600443699E0C35 /* Pods_AlamofireTableView.framework */ = {isa = PBXFileReference; explicitFileType = wrapper.framework; includeInIndex = 0; path = Pods_AlamofireTableView.framework; sourceTree = BUILT_PRODUCTS_DIR; };
		F03CD4181E97E72700D654BD /* CustomTableViewCell.swift */ = {isa = PBXFileReference; fileEncoding = 4; lastKnownFileType = sourcecode.swift; path = CustomTableViewCell.swift; sourceTree = "<group>"; };
		F0BFB5E41E97DA43005B6563 /* AlamofireTableView.app */ = {isa = PBXFileReference; explicitFileType = wrapper.application; includeInIndex = 0; path = AlamofireTableView.app; sourceTree = BUILT_PRODUCTS_DIR; };
		F0BFB5E71E97DA43005B6563 /* AppDelegate.swift */ = {isa = PBXFileReference; lastKnownFileType = sourcecode.swift; path = AppDelegate.swift; sourceTree = "<group>"; };
		F0BFB5E91E97DA43005B6563 /* ViewController.swift */ = {isa = PBXFileReference; lastKnownFileType = sourcecode.swift; path = ViewController.swift; sourceTree = "<group>"; };
		F0BFB5EC1E97DA43005B6563 /* Base */ = {isa = PBXFileReference; lastKnownFileType = file.storyboard; name = Base; path = Base.lproj/Main.storyboard; sourceTree = "<group>"; };
		F0BFB5EE1E97DA43005B6563 /* Assets.xcassets */ = {isa = PBXFileReference; lastKnownFileType = folder.assetcatalog; path = Assets.xcassets; sourceTree = "<group>"; };
		F0BFB5F11E97DA43005B6563 /* Base */ = {isa = PBXFileReference; lastKnownFileType = file.storyboard; name = Base; path = Base.lproj/LaunchScreen.storyboard; sourceTree = "<group>"; };
		F0BFB5F31E97DA43005B6563 /* Info.plist */ = {isa = PBXFileReference; lastKnownFileType = text.plist.xml; path = Info.plist; sourceTree = "<group>"; };
		F9E889B86172D76676E2AEB6 /* Pods-AlamofireTableView.debug.xcconfig */ = {isa = PBXFileReference; includeInIndex = 1; lastKnownFileType = text.xcconfig; name = "Pods-AlamofireTableView.debug.xcconfig"; path = "Pods/Target Support Files/Pods-AlamofireTableView/Pods-AlamofireTableView.debug.xcconfig"; sourceTree = "<group>"; };
/* End PBXFileReference section */

/* Begin PBXFrameworksBuildPhase section */
		F0BFB5E11E97DA43005B6563 /* Frameworks */ = {
			isa = PBXFrameworksBuildPhase;
			buildActionMask = 2147483647;
			files = (
				40A9DF5F755200D9C987ADB9 /* Pods_AlamofireTableView.framework in Frameworks */,
			);
			runOnlyForDeploymentPostprocessing = 0;
		};
/* End PBXFrameworksBuildPhase section */

/* Begin PBXGroup section */
		9C0924DB445E0BDE7D894581 /* Pods */ = {
			isa = PBXGroup;
			children = (
				F9E889B86172D76676E2AEB6 /* Pods-AlamofireTableView.debug.xcconfig */,
				42FFBB09C3B89D148688D177 /* Pods-AlamofireTableView.release.xcconfig */,
			);
			name = Pods;
			sourceTree = "<group>";
		};
		F0BFB5DB1E97DA43005B6563 = {
			isa = PBXGroup;
			children = (
				F0BFB5E61E97DA43005B6563 /* AlamofireTableView */,
				F0BFB5E51E97DA43005B6563 /* Products */,
				9C0924DB445E0BDE7D894581 /* Pods */,
				F0FC8CFF1ABC242AFEADDE9E /* Frameworks */,
			);
			sourceTree = "<group>";
		};
		F0BFB5E51E97DA43005B6563 /* Products */ = {
			isa = PBXGroup;
			children = (
				F0BFB5E41E97DA43005B6563 /* AlamofireTableView.app */,
			);
			name = Products;
			sourceTree = "<group>";
		};
		F0BFB5E61E97DA43005B6563 /* AlamofireTableView */ = {
			isa = PBXGroup;
			children = (
				F0BFB5E71E97DA43005B6563 /* AppDelegate.swift */,
				F0BFB5E91E97DA43005B6563 /* ViewController.swift */,
				F03CD4181E97E72700D654BD /* CustomTableViewCell.swift */,
				F0BFB5EB1E97DA43005B6563 /* Main.storyboard */,
				F0BFB5EE1E97DA43005B6563 /* Assets.xcassets */,
				F0BFB5F01E97DA43005B6563 /* LaunchScreen.storyboard */,
				F0BFB5F31E97DA43005B6563 /* Info.plist */,
			);
			path = AlamofireTableView;
			sourceTree = "<group>";
		};
		F0FC8CFF1ABC242AFEADDE9E /* Frameworks */ = {
			isa = PBXGroup;
			children = (
				7DBD9DE7D5600443699E0C35 /* Pods_AlamofireTableView.framework */,
			);
			name = Frameworks;
			sourceTree = "<group>";
		};
/* End PBXGroup section */

/* Begin PBXNativeTarget section */
		F0BFB5E31E97DA43005B6563 /* AlamofireTableView */ = {
			isa = PBXNativeTarget;
			buildConfigurationList = F0BFB5F61E97DA43005B6563 /* Build configuration list for PBXNativeTarget "AlamofireTableView" */;
			buildPhases = (
				0C887153291B3CCA83889E05 /* [CP] Check Pods Manifest.lock */,
				F0BFB5E01E97DA43005B6563 /* Sources */,
				F0BFB5E11E97DA43005B6563 /* Frameworks */,
				F0BFB5E21E97DA43005B6563 /* Resources */,
				AFDBD6593A6F8CBB0333ADEB /* [CP] Embed Pods Frameworks */,
				684E35FA87413A884E96988A /* [CP] Copy Pods Resources */,
			);
			buildRules = (
			);
			dependencies = (
			);
			name = AlamofireTableView;
			productName = AlamofireTableView;
			productReference = F0BFB5E41E97DA43005B6563 /* AlamofireTableView.app */;
			productType = "com.apple.product-type.application";
		};
/* End PBXNativeTarget section */

/* Begin PBXProject section */
		F0BFB5DC1E97DA43005B6563 /* Project object */ = {
			isa = PBXProject;
			attributes = {
				LastSwiftUpdateCheck = 0830;
				LastUpgradeCheck = 0830;
				ORGANIZATIONNAME = com.yoyomero;
				TargetAttributes = {
					F0BFB5E31E97DA43005B6563 = {
						CreatedOnToolsVersion = 8.3;
						DevelopmentTeam = 4JWQ6476UG;
						ProvisioningStyle = Automatic;
					};
				};
			};
			buildConfigurationList = F0BFB5DF1E97DA43005B6563 /* Build configuration list for PBXProject "AlamofireTableView" */;
			compatibilityVersion = "Xcode 3.2";
			developmentRegion = English;
			hasScannedForEncodings = 0;
			knownRegions = (
				en,
				Base,
			);
			mainGroup = F0BFB5DB1E97DA43005B6563;
			productRefGroup = F0BFB5E51E97DA43005B6563 /* Products */;
			projectDirPath = "";
			projectRoot = "";
			targets = (
				F0BFB5E31E97DA43005B6563 /* AlamofireTableView */,
			);
		};
/* End PBXProject section */

/* Begin PBXResourcesBuildPhase section */
		F0BFB5E21E97DA43005B6563 /* Resources */ = {
			isa = PBXResourcesBuildPhase;
			buildActionMask = 2147483647;
			files = (
				F0BFB5F21E97DA43005B6563 /* LaunchScreen.storyboard in Resources */,
				F0BFB5EF1E97DA43005B6563 /* Assets.xcassets in Resources */,
				F0BFB5ED1E97DA43005B6563 /* Main.storyboard in Resources */,
			);
			runOnlyForDeploymentPostprocessing = 0;
		};
/* End PBXResourcesBuildPhase section */

/* Begin PBXShellScriptBuildPhase section */
		0C887153291B3CCA83889E05 /* [CP] Check Pods Manifest.lock */ = {
			isa = PBXShellScriptBuildPhase;
			buildActionMask = 2147483647;
			files = (
			);
			inputPaths = (
			);
			name = "[CP] Check Pods Manifest.lock";
			outputPaths = (
			);
			runOnlyForDeploymentPostprocessing = 0;
			shellPath = /bin/sh;
			shellScript = "diff \"${PODS_ROOT}/../Podfile.lock\" \"${PODS_ROOT}/Manifest.lock\" > /dev/null\nif [ $? != 0 ] ; then\n    # print error to STDERR\n    echo \"error: The sandbox is not in sync with the Podfile.lock. Run 'pod install' or update your CocoaPods installation.\" >&2\n    exit 1\nfi\n";
			showEnvVarsInLog = 0;
		};
		684E35FA87413A884E96988A /* [CP] Copy Pods Resources */ = {
			isa = PBXShellScriptBuildPhase;
			buildActionMask = 2147483647;
			files = (
			);
			inputPaths = (
			);
			name = "[CP] Copy Pods Resources";
			outputPaths = (
			);
			runOnlyForDeploymentPostprocessing = 0;
			shellPath = /bin/sh;
			shellScript = "\"${SRCROOT}/Pods/Target Support Files/Pods-AlamofireTableView/Pods-AlamofireTableView-resources.sh\"\n";
			showEnvVarsInLog = 0;
		};
		AFDBD6593A6F8CBB0333ADEB /* [CP] Embed Pods Frameworks */ = {
			isa = PBXShellScriptBuildPhase;
			buildActionMask = 2147483647;
			files = (
			);
			inputPaths = (
			);
			name = "[CP] Embed Pods Frameworks";
			outputPaths = (
			);
			runOnlyForDeploymentPostprocessing = 0;
			shellPath = /bin/sh;
			shellScript = "\"${SRCROOT}/Pods/Target Support Files/Pods-AlamofireTableView/Pods-AlamofireTableView-frameworks.sh\"\n";
			showEnvVarsInLog = 0;
		};
/* End PBXShellScriptBuildPhase section */

/* Begin PBXSourcesBuildPhase section */
		F0BFB5E01E97DA43005B6563 /* Sources */ = {
			isa = PBXSourcesBuildPhase;
			buildActionMask = 2147483647;
			files = (
				F03CD4191E97E72700D654BD /* CustomTableViewCell.swift in Sources */,
				F0BFB5EA1E97DA43005B6563 /* ViewController.swift in Sources */,
				F0BFB5E81E97DA43005B6563 /* AppDelegate.swift in Sources */,
			);
			runOnlyForDeploymentPostprocessing = 0;
		};
/* End PBXSourcesBuildPhase section */

/* Begin PBXVariantGroup section */
		F0BFB5EB1E97DA43005B6563 /* Main.storyboard */ = {
			isa = PBXVariantGroup;
			children = (
				F0BFB5EC1E97DA43005B6563 /* Base */,
			);
			name = Main.storyboard;
			sourceTree = "<group>";
		};
		F0BFB5F01E97DA43005B6563 /* LaunchScreen.storyboard */ = {
			isa = PBXVariantGroup;
			children = (
				F0BFB5F11E97DA43005B6563 /* Base */,
			);
			name = LaunchScreen.storyboard;
			sourceTree = "<group>";
		};
/* End PBXVariantGroup section */

/* Begin XCBuildConfiguration section */
		F0BFB5F41E97DA43005B6563 /* Debug */ = {
			isa = XCBuildConfiguration;
			buildSettings = {
				ALWAYS_SEARCH_USER_PATHS = NO;
				CLANG_ANALYZER_NONNULL = YES;
				CLANG_ANALYZER_NUMBER_OBJECT_CONVERSION = YES_AGGRESSIVE;
				CLANG_CXX_LANGUAGE_STANDARD = "gnu++0x";
				CLANG_CXX_LIBRARY = "libc++";
				CLANG_ENABLE_MODULES = YES;
				CLANG_ENABLE_OBJC_ARC = YES;
				CLANG_WARN_BOOL_CONVERSION = YES;
				CLANG_WARN_CONSTANT_CONVERSION = YES;
				CLANG_WARN_DIRECT_OBJC_ISA_USAGE = YES_ERROR;
				CLANG_WARN_DOCUMENTATION_COMMENTS = YES;
				CLANG_WARN_EMPTY_BODY = YES;
				CLANG_WARN_ENUM_CONVERSION = YES;
				CLANG_WARN_INFINITE_RECURSION = YES;
				CLANG_WARN_INT_CONVERSION = YES;
				CLANG_WARN_OBJC_ROOT_CLASS = YES_ERROR;
				CLANG_WARN_SUSPICIOUS_MOVE = YES;
				CLANG_WARN_UNREACHABLE_CODE = YES;
				CLANG_WARN__DUPLICATE_METHOD_MATCH = YES;
				"CODE_SIGN_IDENTITY[sdk=iphoneos*]" = "iPhone Developer";
				COPY_PHASE_STRIP = NO;
				DEBUG_INFORMATION_FORMAT = dwarf;
				ENABLE_STRICT_OBJC_MSGSEND = YES;
				ENABLE_TESTABILITY = YES;
				GCC_C_LANGUAGE_STANDARD = gnu99;
				GCC_DYNAMIC_NO_PIC = NO;
				GCC_NO_COMMON_BLOCKS = YES;
				GCC_OPTIMIZATION_LEVEL = 0;
				GCC_PREPROCESSOR_DEFINITIONS = (
					"DEBUG=1",
					"$(inherited)",
				);
				GCC_WARN_64_TO_32_BIT_CONVERSION = YES;
				GCC_WARN_ABOUT_RETURN_TYPE = YES_ERROR;
				GCC_WARN_UNDECLARED_SELECTOR = YES;
				GCC_WARN_UNINITIALIZED_AUTOS = YES_AGGRESSIVE;
				GCC_WARN_UNUSED_FUNCTION = YES;
				GCC_WARN_UNUSED_VARIABLE = YES;
				IPHONEOS_DEPLOYMENT_TARGET = 10.3;
				MTL_ENABLE_DEBUG_INFO = YES;
				ONLY_ACTIVE_ARCH = YES;
				SDKROOT = iphoneos;
				SWIFT_ACTIVE_COMPILATION_CONDITIONS = DEBUG;
				SWIFT_OPTIMIZATION_LEVEL = "-Onone";
			};
			name = Debug;
		};
		F0BFB5F51E97DA43005B6563 /* Release */ = {
			isa = XCBuildConfiguration;
			buildSettings = {
				ALWAYS_SEARCH_USER_PATHS = NO;
				CLANG_ANALYZER_NONNULL = YES;
				CLANG_ANALYZER_NUMBER_OBJECT_CONVERSION = YES_AGGRESSIVE;
				CLANG_CXX_LANGUAGE_STANDARD = "gnu++0x";
				CLANG_CXX_LIBRARY = "libc++";
				CLANG_ENABLE_MODULES = YES;
				CLANG_ENABLE_OBJC_ARC = YES;
				CLANG_WARN_BOOL_CONVERSION = YES;
				CLANG_WARN_CONSTANT_CONVERSION = YES;
				CLANG_WARN_DIRECT_OBJC_ISA_USAGE = YES_ERROR;
				CLANG_WARN_DOCUMENTATION_COMMENTS = YES;
				CLANG_WARN_EMPTY_BODY = YES;
				CLANG_WARN_ENUM_CONVERSION = YES;
				CLANG_WARN_INFINITE_RECURSION = YES;
				CLANG_WARN_INT_CONVERSION = YES;
				CLANG_WARN_OBJC_ROOT_CLASS = YES_ERROR;
				CLANG_WARN_SUSPICIOUS_MOVE = YES;
				CLANG_WARN_UNREACHABLE_CODE = YES;
				CLANG_WARN__DUPLICATE_METHOD_MATCH = YES;
				"CODE_SIGN_IDENTITY[sdk=iphoneos*]" = "iPhone Developer";
				COPY_PHASE_STRIP = NO;
				DEBUG_INFORMATION_FORMAT = "dwarf-with-dsym";
				ENABLE_NS_ASSERTIONS = NO;
				ENABLE_STRICT_OBJC_MSGSEND = YES;
				GCC_C_LANGUAGE_STANDARD = gnu99;
				GCC_NO_COMMON_BLOCKS = YES;
				GCC_WARN_64_TO_32_BIT_CONVERSION = YES;
				GCC_WARN_ABOUT_RETURN_TYPE = YES_ERROR;
				GCC_WARN_UNDECLARED_SELECTOR = YES;
				GCC_WARN_UNINITIALIZED_AUTOS = YES_AGGRESSIVE;
				GCC_WARN_UNUSED_FUNCTION = YES;
				GCC_WARN_UNUSED_VARIABLE = YES;
				IPHONEOS_DEPLOYMENT_TARGET = 10.3;
				MTL_ENABLE_DEBUG_INFO = NO;
				SDKROOT = iphoneos;
				SWIFT_OPTIMIZATION_LEVEL = "-Owholemodule";
				VALIDATE_PRODUCT = YES;
			};
			name = Release;
		};
		F0BFB5F71E97DA43005B6563 /* Debug */ = {
			isa = XCBuildConfiguration;
			baseConfigurationReference = F9E889B86172D76676E2AEB6 /* Pods-AlamofireTableView.debug.xcconfig */;
			buildSettings = {
				ASSETCATALOG_COMPILER_APPICON_NAME = AppIcon;
				DEVELOPMENT_TEAM = 4JWQ6476UG;
				INFOPLIST_FILE = AlamofireTableView/Info.plist;
				LD_RUNPATH_SEARCH_PATHS = "$(inherited) @executable_path/Frameworks";
				PRODUCT_BUNDLE_IDENTIFIER = com.yoyomero.AlamofireTableView;
				PRODUCT_NAME = "$(TARGET_NAME)";
				SWIFT_VERSION = 3.0;
			};
			name = Debug;
		};
		F0BFB5F81E97DA43005B6563 /* Release */ = {
			isa = XCBuildConfiguration;
			baseConfigurationReference = 42FFBB09C3B89D148688D177 /* Pods-AlamofireTableView.release.xcconfig */;
			buildSettings = {
				ASSETCATALOG_COMPILER_APPICON_NAME = AppIcon;
				DEVELOPMENT_TEAM = 4JWQ6476UG;
				INFOPLIST_FILE = AlamofireTableView/Info.plist;
				LD_RUNPATH_SEARCH_PATHS = "$(inherited) @executable_path/Frameworks";
				PRODUCT_BUNDLE_IDENTIFIER = com.yoyomero.AlamofireTableView;
				PRODUCT_NAME = "$(TARGET_NAME)";
				SWIFT_VERSION = 3.0;
			};
			name = Release;
		};
/* End XCBuildConfiguration section */

/* Begin XCConfigurationList section */
		F0BFB5DF1E97DA43005B6563 /* Build configuration list for PBXProject "AlamofireTableView" */ = {
			isa = XCConfigurationList;
			buildConfigurations = (
				F0BFB5F41E97DA43005B6563 /* Debug */,
				F0BFB5F51E97DA43005B6563 /* Release */,
			);
			defaultConfigurationIsVisible = 0;
			defaultConfigurationName = Release;
		};
		F0BFB5F61E97DA43005B6563 /* Build configuration list for PBXNativeTarget "AlamofireTableView" */ = {
			isa = XCConfigurationList;
			buildConfigurations = (
				F0BFB5F71E97DA43005B6563 /* Debug */,
				F0BFB5F81E97DA43005B6563 /* Release */,
			);
			defaultConfigurationIsVisible = 0;
			defaultConfigurationName = Release;
		};
/* End XCConfigurationList section */
	};
	rootObject = F0BFB5DC1E97DA43005B6563 /* Project object */;
}
